
Microsoft Visual Studio Solution File, Format Version 12.00
# Visual Studio Version 17
VisualStudioVersion = 17.4.33213.308
MinimumVisualStudioVersion = 10.0.40219.1
Project("{FAE04EC0-301F-11D3-BF4B-00C04F79EFBC}") = "CoffeeManager", "CoffeeManager\CoffeeManager.csproj", "{9B881331-8221-46D3-A21C-04C34C2979B6}"
EndProject
Global
	GlobalSection(SolutionConfigurationPlatforms) = preSolution
		Debug|Any CPU = Debug|Any CPU
		Release|Any CPU = Release|Any CPU
	EndGlobalSection
	GlobalSection(ProjectConfigurationPlatforms) = postSolution
		{9B881331-8221-46D3-A21C-04C34C2979B6}.Debug|Any CPU.ActiveCfg = Debug|Any CPU
		{9B881331-8221-46D3-A21C-04C34C2979B6}.Debug|Any CPU.Build.0 = Debug|Any CPU
		{9B881331-8221-46D3-A21C-04C34C2979B6}.Release|Any CPU.ActiveCfg = Release|Any CPU
		{9B881331-8221-46D3-A21C-04C34C2979B6}.Release|Any CPU.Build.0 = Release|Any CPU
	EndGlobalSection
	GlobalSection(SolutionProperties) = preSolution
		HideSolutionNode = FALSE
	EndGlobalSection
	GlobalSection(ExtensibilityGlobals) = postSolution
		SolutionGuid = {21661A82-C5AD-4235-AEA8-B9B437B3B077}
	EndGlobalSection
EndGlobal
